
Microsoft Visual Studio Solution File, Format Version 12.00
# Visual Studio Version 16
VisualStudioVersion = 16.0.31613.86
MinimumVisualStudioVersion = 10.0.40219.1
Project("{FAE04EC0-301F-11D3-BF4B-00C04F79EFBC}") = "RockPaperScissors", "RockPaperScissors\RockPaperScissors.csproj", "{116D95F6-1019-41B5-A8B7-64397406BE18}"
EndProject
Project("{FAE04EC0-301F-11D3-BF4B-00C04F79EFBC}") = "GameXUnitTests", "GameXUnitTests\GameXUnitTests.csproj", "{FE7ACF7A-4A90-4367-8FEB-257DF82818C5}"
EndProject
Global
	GlobalSection(SolutionConfigurationPlatforms) = preSolution
		Debug|Any CPU = Debug|Any CPU
		Release|Any CPU = Release|Any CPU
	EndGlobalSection
	GlobalSection(ProjectConfigurationPlatforms) = postSolution
		{116D95F6-1019-41B5-A8B7-64397406BE18}.Debug|Any CPU.ActiveCfg = Debug|Any CPU
		{116D95F6-1019-41B5-A8B7-64397406BE18}.Debug|Any CPU.Build.0 = Debug|Any CPU
		{116D95F6-1019-41B5-A8B7-64397406BE18}.Release|Any CPU.ActiveCfg = Release|Any CPU
		{116D95F6-1019-41B5-A8B7-64397406BE18}.Release|Any CPU.Build.0 = Release|Any CPU
		{FE7ACF7A-4A90-4367-8FEB-257DF82818C5}.Debug|Any CPU.ActiveCfg = Debug|Any CPU
		{FE7ACF7A-4A90-4367-8FEB-257DF82818C5}.Debug|Any CPU.Build.0 = Debug|Any CPU
		{FE7ACF7A-4A90-4367-8FEB-257DF82818C5}.Release|Any CPU.ActiveCfg = Release|Any CPU
		{FE7ACF7A-4A90-4367-8FEB-257DF82818C5}.Release|Any CPU.Build.0 = Release|Any CPU
	EndGlobalSection
	GlobalSection(SolutionProperties) = preSolution
		HideSolutionNode = FALSE
	EndGlobalSection
	GlobalSection(ExtensibilityGlobals) = postSolution
		SolutionGuid = {022C7BBF-1B82-4BC0-A86B-C3C89C6ACCB0}
	EndGlobalSection
EndGlobal
